
Microsoft Visual Studio Solution File, Format Version 12.00
# Visual Studio 14
VisualStudioVersion = 14.0.25420.1
MinimumVisualStudioVersion = 10.0.40219.1
Project("{FAE04EC0-301F-11D3-BF4B-00C04F79EFBC}") = "testproject", "testproject\testproject.csproj", "{EFEFD2D3-6F15-4C4E-9240-217913AB039D}"
EndProject
Global
	GlobalSection(SolutionConfigurationPlatforms) = preSolution
		Debug|Any CPU = Debug|Any CPU
		Release|Any CPU = Release|Any CPU
	EndGlobalSection
	GlobalSection(ProjectConfigurationPlatforms) = postSolution
		{EFEFD2D3-6F15-4C4E-9240-217913AB039D}.Debug|Any CPU.ActiveCfg = Debug|Any CPU
		{EFEFD2D3-6F15-4C4E-9240-217913AB039D}.Debug|Any CPU.Build.0 = Debug|Any CPU
		{EFEFD2D3-6F15-4C4E-9240-217913AB039D}.Release|Any CPU.ActiveCfg = Release|Any CPU
		{EFEFD2D3-6F15-4C4E-9240-217913AB039D}.Release|Any CPU.Build.0 = Release|Any CPU
	EndGlobalSection
	GlobalSection(SolutionProperties) = preSolution
		HideSolutionNode = FALSE
	EndGlobalSection
EndGlobal
